// !$*UTF8*$!
{
	archiveVersion = 1;
	classes = {
	};
	objectVersion = 50;
	objects = {

/* Begin PBXBuildFile section */
		2462CDAD0ABA354F0D1CF650 /* libPods-FirstTests.a in Frameworks */ = {isa = PBXBuildFile; fileRef = 3FEAF8764C72A57CC3001DCB /* libPods-FirstTests.a */; };
		34DBD1F00A996EC14ABD81B7 /* libPods-FirstUITests.a in Frameworks */ = {isa = PBXBuildFile; fileRef = C74CECEEB0DC7CAE2E18FEF7 /* libPods-FirstUITests.a */; };
		6E0C8F232254AA22002D1025 /* ZhihuLateStNews.m in Sources */ = {isa = PBXBuildFile; fileRef = 6E0C8F222254AA22002D1025 /* ZhihuLateStNews.m */; };
		6E1460A92244BB9200ECBFAF /* SecondViewController.m in Sources */ = {isa = PBXBuildFile; fileRef = 6E1460A82244BB9200ECBFAF /* SecondViewController.m */; };
		6EBB18192206EC6100B29C47 /* AppDelegate.m in Sources */ = {isa = PBXBuildFile; fileRef = 6EBB18182206EC6100B29C47 /* AppDelegate.m */; };
		6EBB181C2206EC6100B29C47 /* ViewController.m in Sources */ = {isa = PBXBuildFile; fileRef = 6EBB181B2206EC6100B29C47 /* ViewController.m */; };
		6EBB181F2206EC6100B29C47 /* Main.storyboard in Resources */ = {isa = PBXBuildFile; fileRef = 6EBB181D2206EC6100B29C47 /* Main.storyboard */; };
		6EBB18212206EC6700B29C47 /* Assets.xcassets in Resources */ = {isa = PBXBuildFile; fileRef = 6EBB18202206EC6700B29C47 /* Assets.xcassets */; };
		6EBB18242206EC6700B29C47 /* LaunchScreen.storyboard in Resources */ = {isa = PBXBuildFile; fileRef = 6EBB18222206EC6700B29C47 /* LaunchScreen.storyboard */; };
		6EBB18272206EC6700B29C47 /* main.m in Sources */ = {isa = PBXBuildFile; fileRef = 6EBB18262206EC6700B29C47 /* main.m */; };
		6EBB18312206EC6800B29C47 /* FirstTests.m in Sources */ = {isa = PBXBuildFile; fileRef = 6EBB18302206EC6800B29C47 /* FirstTests.m */; };
		6EBB183C2206EC6800B29C47 /* FirstUITests.m in Sources */ = {isa = PBXBuildFile; fileRef = 6EBB183B2206EC6800B29C47 /* FirstUITests.m */; };
		9F793A97269A8F5CDC4E1D94 /* libPods-First.a in Frameworks */ = {isa = PBXBuildFile; fileRef = C99553BFE5433670F74E379C /* libPods-First.a */; };
/* End PBXBuildFile section */

/* Begin PBXContainerItemProxy section */
		6EBB182D2206EC6800B29C47 /* PBXContainerItemProxy */ = {
			isa = PBXContainerItemProxy;
			containerPortal = 6EBB180C2206EC6100B29C47 /* Project object */;
			proxyType = 1;
			remoteGlobalIDString = 6EBB18132206EC6100B29C47;
			remoteInfo = First;
		};
		6EBB18382206EC6800B29C47 /* PBXContainerItemProxy */ = {
			isa = PBXContainerItemProxy;
			containerPortal = 6EBB180C2206EC6100B29C47 /* Project object */;
			proxyType = 1;
			remoteGlobalIDString = 6EBB18132206EC6100B29C47;
			remoteInfo = First;
		};
/* End PBXContainerItemProxy section */

/* Begin PBXFileReference section */
		07AAF8A146A0BBF998A89AC4 /* Pods-FirstTests.debug.xcconfig */ = {isa = PBXFileReference; includeInIndex = 1; lastKnownFileType = text.xcconfig; name = "Pods-FirstTests.debug.xcconfig"; path = "Pods/Target Support Files/Pods-FirstTests/Pods-FirstTests.debug.xcconfig"; sourceTree = "<group>"; };
		136941004DE1D8B5E6022548 /* Pods-First.debug.xcconfig */ = {isa = PBXFileReference; includeInIndex = 1; lastKnownFileType = text.xcconfig; name = "Pods-First.debug.xcconfig"; path = "Pods/Target Support Files/Pods-First/Pods-First.debug.xcconfig"; sourceTree = "<group>"; };
		1ACD4470E97FB9DA22E00F45 /* Pods-FirstUITests.debug.xcconfig */ = {isa = PBXFileReference; includeInIndex = 1; lastKnownFileType = text.xcconfig; name = "Pods-FirstUITests.debug.xcconfig"; path = "Pods/Target Support Files/Pods-FirstUITests/Pods-FirstUITests.debug.xcconfig"; sourceTree = "<group>"; };
		3FEAF8764C72A57CC3001DCB /* libPods-FirstTests.a */ = {isa = PBXFileReference; explicitFileType = archive.ar; includeInIndex = 0; path = "libPods-FirstTests.a"; sourceTree = BUILT_PRODUCTS_DIR; };
		5488F26035D9D048FB83E6E1 /* Pods-First.release.xcconfig */ = {isa = PBXFileReference; includeInIndex = 1; lastKnownFileType = text.xcconfig; name = "Pods-First.release.xcconfig"; path = "Pods/Target Support Files/Pods-First/Pods-First.release.xcconfig"; sourceTree = "<group>"; };
		6E0C8F212254AA22002D1025 /* ZhihuLateStNews.h */ = {isa = PBXFileReference; lastKnownFileType = sourcecode.c.h; path = ZhihuLateStNews.h; sourceTree = "<group>"; };
		6E0C8F222254AA22002D1025 /* ZhihuLateStNews.m */ = {isa = PBXFileReference; lastKnownFileType = sourcecode.c.objc; path = ZhihuLateStNews.m; sourceTree = "<group>"; };
		6E1460A72244BB9200ECBFAF /* SecondViewController.h */ = {isa = PBXFileReference; lastKnownFileType = sourcecode.c.h; path = SecondViewController.h; sourceTree = "<group>"; };
		6E1460A82244BB9200ECBFAF /* SecondViewController.m */ = {isa = PBXFileReference; lastKnownFileType = sourcecode.c.objc; path = SecondViewController.m; sourceTree = "<group>"; };
		6E8209EF2FAF8473959DF499 /* Pods-FirstUITests.release.xcconfig */ = {isa = PBXFileReference; includeInIndex = 1; lastKnownFileType = text.xcconfig; name = "Pods-FirstUITests.release.xcconfig"; path = "Pods/Target Support Files/Pods-FirstUITests/Pods-FirstUITests.release.xcconfig"; sourceTree = "<group>"; };
		6EBB18142206EC6100B29C47 /* First.app */ = {isa = PBXFileReference; explicitFileType = wrapper.application; includeInIndex = 0; path = First.app; sourceTree = BUILT_PRODUCTS_DIR; };
		6EBB18172206EC6100B29C47 /* AppDelegate.h */ = {isa = PBXFileReference; lastKnownFileType = sourcecode.c.h; path = AppDelegate.h; sourceTree = "<group>"; };
		6EBB18182206EC6100B29C47 /* AppDelegate.m */ = {isa = PBXFileReference; lastKnownFileType = sourcecode.c.objc; path = AppDelegate.m; sourceTree = "<group>"; };
		6EBB181A2206EC6100B29C47 /* ViewController.h */ = {isa = PBXFileReference; lastKnownFileType = sourcecode.c.h; path = ViewController.h; sourceTree = "<group>"; };
		6EBB181B2206EC6100B29C47 /* ViewController.m */ = {isa = PBXFileReference; lastKnownFileType = sourcecode.c.objc; path = ViewController.m; sourceTree = "<group>"; };
		6EBB181E2206EC6100B29C47 /* Base */ = {isa = PBXFileReference; lastKnownFileType = file.storyboard; name = Base; path = Base.lproj/Main.storyboard; sourceTree = "<group>"; };
		6EBB18202206EC6700B29C47 /* Assets.xcassets */ = {isa = PBXFileReference; lastKnownFileType = folder.assetcatalog; path = Assets.xcassets; sourceTree = "<group>"; };
		6EBB18232206EC6700B29C47 /* Base */ = {isa = PBXFileReference; lastKnownFileType = file.storyboard; name = Base; path = Base.lproj/LaunchScreen.storyboard; sourceTree = "<group>"; };
		6EBB18252206EC6700B29C47 /* Info.plist */ = {isa = PBXFileReference; lastKnownFileType = text.plist.xml; path = Info.plist; sourceTree = "<group>"; };
		6EBB18262206EC6700B29C47 /* main.m */ = {isa = PBXFileReference; lastKnownFileType = sourcecode.c.objc; path = main.m; sourceTree = "<group>"; };
		6EBB182C2206EC6800B29C47 /* FirstTests.xctest */ = {isa = PBXFileReference; explicitFileType = wrapper.cfbundle; includeInIndex = 0; path = FirstTests.xctest; sourceTree = BUILT_PRODUCTS_DIR; };
		6EBB18302206EC6800B29C47 /* FirstTests.m */ = {isa = PBXFileReference; lastKnownFileType = sourcecode.c.objc; path = FirstTests.m; sourceTree = "<group>"; };
		6EBB18322206EC6800B29C47 /* Info.plist */ = {isa = PBXFileReference; lastKnownFileType = text.plist.xml; path = Info.plist; sourceTree = "<group>"; };
		6EBB18372206EC6800B29C47 /* FirstUITests.xctest */ = {isa = PBXFileReference; explicitFileType = wrapper.cfbundle; includeInIndex = 0; path = FirstUITests.xctest; sourceTree = BUILT_PRODUCTS_DIR; };
		6EBB183B2206EC6800B29C47 /* FirstUITests.m */ = {isa = PBXFileReference; lastKnownFileType = sourcecode.c.objc; path = FirstUITests.m; sourceTree = "<group>"; };
		6EBB183D2206EC6800B29C47 /* Info.plist */ = {isa = PBXFileReference; lastKnownFileType = text.plist.xml; path = Info.plist; sourceTree = "<group>"; };
		C74CECEEB0DC7CAE2E18FEF7 /* libPods-FirstUITests.a */ = {isa = PBXFileReference; explicitFileType = archive.ar; includeInIndex = 0; path = "libPods-FirstUITests.a"; sourceTree = BUILT_PRODUCTS_DIR; };
		C99553BFE5433670F74E379C /* libPods-First.a */ = {isa = PBXFileReference; explicitFileType = archive.ar; includeInIndex = 0; path = "libPods-First.a"; sourceTree = BUILT_PRODUCTS_DIR; };
		D69234582034F6ED4F150811 /* Pods-FirstTests.release.xcconfig */ = {isa = PBXFileReference; includeInIndex = 1; lastKnownFileType = text.xcconfig; name = "Pods-FirstTests.release.xcconfig"; path = "Pods/Target Support Files/Pods-FirstTests/Pods-FirstTests.release.xcconfig"; sourceTree = "<group>"; };
/* End PBXFileReference section */

/* Begin PBXFrameworksBuildPhase section */
		6EBB18112206EC6100B29C47 /* Frameworks */ = {
			isa = PBXFrameworksBuildPhase;
			buildActionMask = 2147483647;
			files = (
				9F793A97269A8F5CDC4E1D94 /* libPods-First.a in Frameworks */,
			);
			runOnlyForDeploymentPostprocessing = 0;
		};
		6EBB18292206EC6800B29C47 /* Frameworks */ = {
			isa = PBXFrameworksBuildPhase;
			buildActionMask = 2147483647;
			files = (
				2462CDAD0ABA354F0D1CF650 /* libPods-FirstTests.a in Frameworks */,
			);
			runOnlyForDeploymentPostprocessing = 0;
		};
		6EBB18342206EC6800B29C47 /* Frameworks */ = {
			isa = PBXFrameworksBuildPhase;
			buildActionMask = 2147483647;
			files = (
				34DBD1F00A996EC14ABD81B7 /* libPods-FirstUITests.a in Frameworks */,
			);
			runOnlyForDeploymentPostprocessing = 0;
		};
/* End PBXFrameworksBuildPhase section */

/* Begin PBXGroup section */
		6E1C4C02222A9997000EA188 /* Frameworks */ = {
			isa = PBXGroup;
			children = (
				C99553BFE5433670F74E379C /* libPods-First.a */,
				3FEAF8764C72A57CC3001DCB /* libPods-FirstTests.a */,
				C74CECEEB0DC7CAE2E18FEF7 /* libPods-FirstUITests.a */,
			);
			name = Frameworks;
			sourceTree = "<group>";
		};
		6EBB180B2206EC6100B29C47 = {
			isa = PBXGroup;
			children = (
				6EBB18162206EC6100B29C47 /* First */,
				6EBB182F2206EC6800B29C47 /* FirstTests */,
				6EBB183A2206EC6800B29C47 /* FirstUITests */,
				6EBB18152206EC6100B29C47 /* Products */,
				6E1C4C02222A9997000EA188 /* Frameworks */,
				ADE4AC598E4753A02DE7A5D6 /* Pods */,
			);
			sourceTree = "<group>";
		};
		6EBB18152206EC6100B29C47 /* Products */ = {
			isa = PBXGroup;
			children = (
				6EBB18142206EC6100B29C47 /* First.app */,
				6EBB182C2206EC6800B29C47 /* FirstTests.xctest */,
				6EBB18372206EC6800B29C47 /* FirstUITests.xctest */,
			);
			name = Products;
			sourceTree = "<group>";
		};
		6EBB18162206EC6100B29C47 /* First */ = {
			isa = PBXGroup;
			children = (
				6EBB18172206EC6100B29C47 /* AppDelegate.h */,
				6EBB18182206EC6100B29C47 /* AppDelegate.m */,
				6E0C8F212254AA22002D1025 /* ZhihuLateStNews.h */,
				6E0C8F222254AA22002D1025 /* ZhihuLateStNews.m */,
				6EBB181A2206EC6100B29C47 /* ViewController.h */,
				6EBB181B2206EC6100B29C47 /* ViewController.m */,
				6E1460A72244BB9200ECBFAF /* SecondViewController.h */,
				6E1460A82244BB9200ECBFAF /* SecondViewController.m */,
				6EBB181D2206EC6100B29C47 /* Main.storyboard */,
				6EBB18202206EC6700B29C47 /* Assets.xcassets */,
				6EBB18222206EC6700B29C47 /* LaunchScreen.storyboard */,
				6EBB18252206EC6700B29C47 /* Info.plist */,
				6EBB18262206EC6700B29C47 /* main.m */,
			);
			path = First;
			sourceTree = "<group>";
		};
		6EBB182F2206EC6800B29C47 /* FirstTests */ = {
			isa = PBXGroup;
			children = (
				6EBB18302206EC6800B29C47 /* FirstTests.m */,
				6EBB18322206EC6800B29C47 /* Info.plist */,
			);
			path = FirstTests;
			sourceTree = "<group>";
		};
		6EBB183A2206EC6800B29C47 /* FirstUITests */ = {
			isa = PBXGroup;
			children = (
				6EBB183B2206EC6800B29C47 /* FirstUITests.m */,
				6EBB183D2206EC6800B29C47 /* Info.plist */,
			);
			path = FirstUITests;
			sourceTree = "<group>";
		};
		ADE4AC598E4753A02DE7A5D6 /* Pods */ = {
			isa = PBXGroup;
			children = (
				136941004DE1D8B5E6022548 /* Pods-First.debug.xcconfig */,
				5488F26035D9D048FB83E6E1 /* Pods-First.release.xcconfig */,
				07AAF8A146A0BBF998A89AC4 /* Pods-FirstTests.debug.xcconfig */,
				D69234582034F6ED4F150811 /* Pods-FirstTests.release.xcconfig */,
				1ACD4470E97FB9DA22E00F45 /* Pods-FirstUITests.debug.xcconfig */,
				6E8209EF2FAF8473959DF499 /* Pods-FirstUITests.release.xcconfig */,
			);
			name = Pods;
			sourceTree = "<group>";
		};
/* End PBXGroup section */

/* Begin PBXNativeTarget section */
		6EBB18132206EC6100B29C47 /* First */ = {
			isa = PBXNativeTarget;
			buildConfigurationList = 6EBB18402206EC6800B29C47 /* Build configuration list for PBXNativeTarget "First" */;
			buildPhases = (
				A1664CCFB214FFFCE52A8DF7 /* [CP] Check Pods Manifest.lock */,
				6EBB18102206EC6100B29C47 /* Sources */,
				6EBB18112206EC6100B29C47 /* Frameworks */,
				6EBB18122206EC6100B29C47 /* Resources */,
			);
			buildRules = (
			);
			dependencies = (
			);
			name = First;
			productName = First;
			productReference = 6EBB18142206EC6100B29C47 /* First.app */;
			productType = "com.apple.product-type.application";
		};
		6EBB182B2206EC6800B29C47 /* FirstTests */ = {
			isa = PBXNativeTarget;
			buildConfigurationList = 6EBB18432206EC6800B29C47 /* Build configuration list for PBXNativeTarget "FirstTests" */;
			buildPhases = (
				F5C98953FC79759F4ABA8DA7 /* [CP] Check Pods Manifest.lock */,
				6EBB18282206EC6800B29C47 /* Sources */,
				6EBB18292206EC6800B29C47 /* Frameworks */,
				6EBB182A2206EC6800B29C47 /* Resources */,
			);
			buildRules = (
			);
			dependencies = (
				6EBB182E2206EC6800B29C47 /* PBXTargetDependency */,
			);
			name = FirstTests;
			productName = FirstTests;
			productReference = 6EBB182C2206EC6800B29C47 /* FirstTests.xctest */;
			productType = "com.apple.product-type.bundle.unit-test";
		};
		6EBB18362206EC6800B29C47 /* FirstUITests */ = {
			isa = PBXNativeTarget;
			buildConfigurationList = 6EBB18462206EC6800B29C47 /* Build configuration list for PBXNativeTarget "FirstUITests" */;
			buildPhases = (
				60BE4100544EB718E2DA67F6 /* [CP] Check Pods Manifest.lock */,
				6EBB18332206EC6800B29C47 /* Sources */,
				6EBB18342206EC6800B29C47 /* Frameworks */,
				6EBB18352206EC6800B29C47 /* Resources */,
			);
			buildRules = (
			);
			dependencies = (
				6EBB18392206EC6800B29C47 /* PBXTargetDependency */,
			);
			name = FirstUITests;
			productName = FirstUITests;
			productReference = 6EBB18372206EC6800B29C47 /* FirstUITests.xctest */;
			productType = "com.apple.product-type.bundle.ui-testing";
		};
/* End PBXNativeTarget section */

/* Begin PBXProject section */
		6EBB180C2206EC6100B29C47 /* Project object */ = {
			isa = PBXProject;
			attributes = {
				LastUpgradeCheck = 1010;
				ORGANIZATIONNAME = kuang;
				TargetAttributes = {
					6EBB18132206EC6100B29C47 = {
						CreatedOnToolsVersion = 10.1;
					};
					6EBB182B2206EC6800B29C47 = {
						CreatedOnToolsVersion = 10.1;
						TestTargetID = 6EBB18132206EC6100B29C47;
					};
					6EBB18362206EC6800B29C47 = {
						CreatedOnToolsVersion = 10.1;
						TestTargetID = 6EBB18132206EC6100B29C47;
					};
				};
			};
			buildConfigurationList = 6EBB180F2206EC6100B29C47 /* Build configuration list for PBXProject "First" */;
			compatibilityVersion = "Xcode 9.3";
			developmentRegion = en;
			hasScannedForEncodings = 0;
			knownRegions = (
				en,
				Base,
			);
			mainGroup = 6EBB180B2206EC6100B29C47;
			productRefGroup = 6EBB18152206EC6100B29C47 /* Products */;
			projectDirPath = "";
			projectRoot = "";
			targets = (
				6EBB18132206EC6100B29C47 /* First */,
				6EBB182B2206EC6800B29C47 /* FirstTests */,
				6EBB18362206EC6800B29C47 /* FirstUITests */,
			);
		};
/* End PBXProject section */

/* Begin PBXResourcesBuildPhase section */
		6EBB18122206EC6100B29C47 /* Resources */ = {
			isa = PBXResourcesBuildPhase;
			buildActionMask = 2147483647;
			files = (
				6EBB18242206EC6700B29C47 /* LaunchScreen.storyboard in Resources */,
				6EBB18212206EC6700B29C47 /* Assets.xcassets in Resources */,
				6EBB181F2206EC6100B29C47 /* Main.storyboard in Resources */,
			);
			runOnlyForDeploymentPostprocessing = 0;
		};
		6EBB182A2206EC6800B29C47 /* Resources */ = {
			isa = PBXResourcesBuildPhase;
			buildActionMask = 2147483647;
			files = (
			);
			runOnlyForDeploymentPostprocessing = 0;
		};
		6EBB18352206EC6800B29C47 /* Resources */ = {
			isa = PBXResourcesBuildPhase;
			buildActionMask = 2147483647;
			files = (
			);
			runOnlyForDeploymentPostprocessing = 0;
		};
/* End PBXResourcesBuildPhase section */

/* Begin PBXShellScriptBuildPhase section */
		60BE4100544EB718E2DA67F6 /* [CP] Check Pods Manifest.lock */ = {
			isa = PBXShellScriptBuildPhase;
			buildActionMask = 2147483647;
			files = (
			);
			inputFileListPaths = (
			);
			inputPaths = (
				"${PODS_PODFILE_DIR_PATH}/Podfile.lock",
				"${PODS_ROOT}/Manifest.lock",
			);
			name = "[CP] Check Pods Manifest.lock";
			outputFileListPaths = (
			);
			outputPaths = (
				"$(DERIVED_FILE_DIR)/Pods-FirstUITests-checkManifestLockResult.txt",
			);
			runOnlyForDeploymentPostprocessing = 0;
			shellPath = /bin/sh;
			shellScript = "diff \"${PODS_PODFILE_DIR_PATH}/Podfile.lock\" \"${PODS_ROOT}/Manifest.lock\" > /dev/null\nif [ $? != 0 ] ; then\n    # print error to STDERR\n    echo \"error: The sandbox is not in sync with the Podfile.lock. Run 'pod install' or update your CocoaPods installation.\" >&2\n    exit 1\nfi\n# This output is used by Xcode 'outputs' to avoid re-running this script phase.\necho \"SUCCESS\" > \"${SCRIPT_OUTPUT_FILE_0}\"\n";
			showEnvVarsInLog = 0;
		};
		A1664CCFB214FFFCE52A8DF7 /* [CP] Check Pods Manifest.lock */ = {
			isa = PBXShellScriptBuildPhase;
			buildActionMask = 2147483647;
			files = (
			);
			inputFileListPaths = (
			);
			inputPaths = (
				"${PODS_PODFILE_DIR_PATH}/Podfile.lock",
				"${PODS_ROOT}/Manifest.lock",
			);
			name = "[CP] Check Pods Manifest.lock";
			outputFileListPaths = (
			);
			outputPaths = (
				"$(DERIVED_FILE_DIR)/Pods-First-checkManifestLockResult.txt",
			);
			runOnlyForDeploymentPostprocessing = 0;
			shellPath = /bin/sh;
			shellScript = "diff \"${PODS_PODFILE_DIR_PATH}/Podfile.lock\" \"${PODS_ROOT}/Manifest.lock\" > /dev/null\nif [ $? != 0 ] ; then\n    # print error to STDERR\n    echo \"error: The sandbox is not in sync with the Podfile.lock. Run 'pod install' or update your CocoaPods installation.\" >&2\n    exit 1\nfi\n# This output is used by Xcode 'outputs' to avoid re-running this script phase.\necho \"SUCCESS\" > \"${SCRIPT_OUTPUT_FILE_0}\"\n";
			showEnvVarsInLog = 0;
		};
		F5C98953FC79759F4ABA8DA7 /* [CP] Check Pods Manifest.lock */ = {
			isa = PBXShellScriptBuildPhase;
			buildActionMask = 2147483647;
			files = (
			);
			inputFileListPaths = (
			);
			inputPaths = (
				"${PODS_PODFILE_DIR_PATH}/Podfile.lock",
				"${PODS_ROOT}/Manifest.lock",
			);
			name = "[CP] Check Pods Manifest.lock";
			outputFileListPaths = (
			);
			outputPaths = (
				"$(DERIVED_FILE_DIR)/Pods-FirstTests-checkManifestLockResult.txt",
			);
			runOnlyForDeploymentPostprocessing = 0;
			shellPath = /bin/sh;
			shellScript = "diff \"${PODS_PODFILE_DIR_PATH}/Podfile.lock\" \"${PODS_ROOT}/Manifest.lock\" > /dev/null\nif [ $? != 0 ] ; then\n    # print error to STDERR\n    echo \"error: The sandbox is not in sync with the Podfile.lock. Run 'pod install' or update your CocoaPods installation.\" >&2\n    exit 1\nfi\n# This output is used by Xcode 'outputs' to avoid re-running this script phase.\necho \"SUCCESS\" > \"${SCRIPT_OUTPUT_FILE_0}\"\n";
			showEnvVarsInLog = 0;
		};
/* End PBXShellScriptBuildPhase section */

/* Begin PBXSourcesBuildPhase section */
		6EBB18102206EC6100B29C47 /* Sources */ = {
			isa = PBXSourcesBuildPhase;
			buildActionMask = 2147483647;
			files = (
				6E1460A92244BB9200ECBFAF /* SecondViewController.m in Sources */,
				6EBB181C2206EC6100B29C47 /* ViewController.m in Sources */,
				6EBB18272206EC6700B29C47 /* main.m in Sources */,
				6EBB18192206EC6100B29C47 /* AppDelegate.m in Sources */,
				6E0C8F232254AA22002D1025 /* ZhihuLateStNews.m in Sources */,
			);
			runOnlyForDeploymentPostprocessing = 0;
		};
		6EBB18282206EC6800B29C47 /* Sources */ = {
			isa = PBXSourcesBuildPhase;
			buildActionMask = 2147483647;
			files = (
				6EBB18312206EC6800B29C47 /* FirstTests.m in Sources */,
			);
			runOnlyForDeploymentPostprocessing = 0;
		};
		6EBB18332206EC6800B29C47 /* Sources */ = {
			isa = PBXSourcesBuildPhase;
			buildActionMask = 2147483647;
			files = (
				6EBB183C2206EC6800B29C47 /* FirstUITests.m in Sources */,
			);
			runOnlyForDeploymentPostprocessing = 0;
		};
/* End PBXSourcesBuildPhase section */

/* Begin PBXTargetDependency section */
		6EBB182E2206EC6800B29C47 /* PBXTargetDependency */ = {
			isa = PBXTargetDependency;
			target = 6EBB18132206EC6100B29C47 /* First */;
			targetProxy = 6EBB182D2206EC6800B29C47 /* PBXContainerItemProxy */;
		};
		6EBB18392206EC6800B29C47 /* PBXTargetDependency */ = {
			isa = PBXTargetDependency;
			target = 6EBB18132206EC6100B29C47 /* First */;
			targetProxy = 6EBB18382206EC6800B29C47 /* PBXContainerItemProxy */;
		};
/* End PBXTargetDependency section */

/* Begin PBXVariantGroup section */
		6EBB181D2206EC6100B29C47 /* Main.storyboard */ = {
			isa = PBXVariantGroup;
			children = (
				6EBB181E2206EC6100B29C47 /* Base */,
			);
			name = Main.storyboard;
			sourceTree = "<group>";
		};
		6EBB18222206EC6700B29C47 /* LaunchScreen.storyboard */ = {
			isa = PBXVariantGroup;
			children = (
				6EBB18232206EC6700B29C47 /* Base */,
			);
			name = LaunchScreen.storyboard;
			sourceTree = "<group>";
		};
/* End PBXVariantGroup section */

/* Begin XCBuildConfiguration section */
		6EBB183E2206EC6800B29C47 /* Debug */ = {
			isa = XCBuildConfiguration;
			buildSettings = {
				ALWAYS_SEARCH_USER_PATHS = NO;
				CLANG_ANALYZER_NONNULL = YES;
				CLANG_ANALYZER_NUMBER_OBJECT_CONVERSION = YES_AGGRESSIVE;
				CLANG_CXX_LANGUAGE_STANDARD = "gnu++14";
				CLANG_CXX_LIBRARY = "libc++";
				CLANG_ENABLE_MODULES = YES;
				CLANG_ENABLE_OBJC_ARC = YES;
				CLANG_ENABLE_OBJC_WEAK = YES;
				CLANG_WARN_BLOCK_CAPTURE_AUTORELEASING = YES;
				CLANG_WARN_BOOL_CONVERSION = YES;
				CLANG_WARN_COMMA = YES;
				CLANG_WARN_CONSTANT_CONVERSION = YES;
				CLANG_WARN_DEPRECATED_OBJC_IMPLEMENTATIONS = YES;
				CLANG_WARN_DIRECT_OBJC_ISA_USAGE = YES_ERROR;
				CLANG_WARN_DOCUMENTATION_COMMENTS = YES;
				CLANG_WARN_EMPTY_BODY = YES;
				CLANG_WARN_ENUM_CONVERSION = YES;
				CLANG_WARN_INFINITE_RECURSION = YES;
				CLANG_WARN_INT_CONVERSION = YES;
				CLANG_WARN_NON_LITERAL_NULL_CONVERSION = YES;
				CLANG_WARN_OBJC_IMPLICIT_RETAIN_SELF = YES;
				CLANG_WARN_OBJC_LITERAL_CONVERSION = YES;
				CLANG_WARN_OBJC_ROOT_CLASS = YES_ERROR;
				CLANG_WARN_RANGE_LOOP_ANALYSIS = YES;
				CLANG_WARN_STRICT_PROTOTYPES = YES;
				CLANG_WARN_SUSPICIOUS_MOVE = YES;
				CLANG_WARN_UNGUARDED_AVAILABILITY = YES_AGGRESSIVE;
				CLANG_WARN_UNREACHABLE_CODE = YES;
				CLANG_WARN__DUPLICATE_METHOD_MATCH = YES;
				CODE_SIGN_IDENTITY = "iPhone Developer";
				COPY_PHASE_STRIP = NO;
				DEBUG_INFORMATION_FORMAT = dwarf;
				ENABLE_STRICT_OBJC_MSGSEND = YES;
				ENABLE_TESTABILITY = YES;
				GCC_C_LANGUAGE_STANDARD = gnu11;
				GCC_DYNAMIC_NO_PIC = NO;
				GCC_NO_COMMON_BLOCKS = YES;
				GCC_OPTIMIZATION_LEVEL = 0;
				GCC_PREPROCESSOR_DEFINITIONS = (
					"DEBUG=1",
					"$(inherited)",
				);
				GCC_WARN_64_TO_32_BIT_CONVERSION = YES;
				GCC_WARN_ABOUT_RETURN_TYPE = YES_ERROR;
				GCC_WARN_UNDECLARED_SELECTOR = YES;
				GCC_WARN_UNINITIALIZED_AUTOS = YES_AGGRESSIVE;
				GCC_WARN_UNUSED_FUNCTION = YES;
				GCC_WARN_UNUSED_VARIABLE = YES;
				IPHONEOS_DEPLOYMENT_TARGET = 12.1;
				MTL_ENABLE_DEBUG_INFO = INCLUDE_SOURCE;
				MTL_FAST_MATH = YES;
				ONLY_ACTIVE_ARCH = YES;
				SDKROOT = iphoneos;
			};
			name = Debug;
		};
		6EBB183F2206EC6800B29C47 /* Release */ = {
			isa = XCBuildConfiguration;
			buildSettings = {
				ALWAYS_SEARCH_USER_PATHS = NO;
				CLANG_ANALYZER_NONNULL = YES;
				CLANG_ANALYZER_NUMBER_OBJECT_CONVERSION = YES_AGGRESSIVE;
				CLANG_CXX_LANGUAGE_STANDARD = "gnu++14";
				CLANG_CXX_LIBRARY = "libc++";
				CLANG_ENABLE_MODULES = YES;
				CLANG_ENABLE_OBJC_ARC = YES;
				CLANG_ENABLE_OBJC_WEAK = YES;
				CLANG_WARN_BLOCK_CAPTURE_AUTORELEASING = YES;
				CLANG_WARN_BOOL_CONVERSION = YES;
				CLANG_WARN_COMMA = YES;
				CLANG_WARN_CONSTANT_CONVERSION = YES;
				CLANG_WARN_DEPRECATED_OBJC_IMPLEMENTATIONS = YES;
				CLANG_WARN_DIRECT_OBJC_ISA_USAGE = YES_ERROR;
				CLANG_WARN_DOCUMENTATION_COMMENTS = YES;
				CLANG_WARN_EMPTY_BODY = YES;
				CLANG_WARN_ENUM_CONVERSION = YES;
				CLANG_WARN_INFINITE_RECURSION = YES;
				CLANG_WARN_INT_CONVERSION = YES;
				CLANG_WARN_NON_LITERAL_NULL_CONVERSION = YES;
				CLANG_WARN_OBJC_IMPLICIT_RETAIN_SELF = YES;
				CLANG_WARN_OBJC_LITERAL_CONVERSION = YES;
				CLANG_WARN_OBJC_ROOT_CLASS = YES_ERROR;
				CLANG_WARN_RANGE_LOOP_ANALYSIS = YES;
				CLANG_WARN_STRICT_PROTOTYPES = YES;
				CLANG_WARN_SUSPICIOUS_MOVE = YES;
				CLANG_WARN_UNGUARDED_AVAILABILITY = YES_AGGRESSIVE;
				CLANG_WARN_UNREACHABLE_CODE = YES;
				CLANG_WARN__DUPLICATE_METHOD_MATCH = YES;
				CODE_SIGN_IDENTITY = "iPhone Developer";
				COPY_PHASE_STRIP = NO;
				DEBUG_INFORMATION_FORMAT = "dwarf-with-dsym";
				ENABLE_NS_ASSERTIONS = NO;
				ENABLE_STRICT_OBJC_MSGSEND = YES;
				GCC_C_LANGUAGE_STANDARD = gnu11;
				GCC_NO_COMMON_BLOCKS = YES;
				GCC_WARN_64_TO_32_BIT_CONVERSION = YES;
				GCC_WARN_ABOUT_RETURN_TYPE = YES_ERROR;
				GCC_WARN_UNDECLARED_SELECTOR = YES;
				GCC_WARN_UNINITIALIZED_AUTOS = YES_AGGRESSIVE;
				GCC_WARN_UNUSED_FUNCTION = YES;
				GCC_WARN_UNUSED_VARIABLE = YES;
				IPHONEOS_DEPLOYMENT_TARGET = 12.1;
				MTL_ENABLE_DEBUG_INFO = NO;
				MTL_FAST_MATH = YES;
				SDKROOT = iphoneos;
				VALIDATE_PRODUCT = YES;
			};
			name = Release;
		};
		6EBB18412206EC6800B29C47 /* Debug */ = {
			isa = XCBuildConfiguration;
			baseConfigurationReference = 136941004DE1D8B5E6022548 /* Pods-First.debug.xcconfig */;
			buildSettings = {
				ASSETCATALOG_COMPILER_APPICON_NAME = AppIcon;
				ASSETCATALOG_COMPILER_LAUNCHIMAGE_NAME = LaunchImage;
				CODE_SIGN_STYLE = Automatic;
				INFOPLIST_FILE = First/Info.plist;
				LD_RUNPATH_SEARCH_PATHS = (
					"$(inherited)",
					"@executable_path/Frameworks",
				);
				PRODUCT_BUNDLE_IDENTIFIER = com.jinriyouyue.First;
				PRODUCT_NAME = "$(TARGET_NAME)";
				TARGETED_DEVICE_FAMILY = "1,2";
			};
			name = Debug;
		};
		6EBB18422206EC6800B29C47 /* Release */ = {
			isa = XCBuildConfiguration;
			baseConfigurationReference = 5488F26035D9D048FB83E6E1 /* Pods-First.release.xcconfig */;
			buildSettings = {
				ASSETCATALOG_COMPILER_APPICON_NAME = AppIcon;
				ASSETCATALOG_COMPILER_LAUNCHIMAGE_NAME = LaunchImage;
				CODE_SIGN_STYLE = Automatic;
				INFOPLIST_FILE = First/Info.plist;
				LD_RUNPATH_SEARCH_PATHS = (
					"$(inherited)",
					"@executable_path/Frameworks",
				);
				PRODUCT_BUNDLE_IDENTIFIER = com.jinriyouyue.First;
				PRODUCT_NAME = "$(TARGET_NAME)";
				TARGETED_DEVICE_FAMILY = "1,2";
			};
			name = Release;
		};
		6EBB18442206EC6800B29C47 /* Debug */ = {
			isa = XCBuildConfiguration;
			baseConfigurationReference = 07AAF8A146A0BBF998A89AC4 /* Pods-FirstTests.debug.xcconfig */;
			buildSettings = {
				BUNDLE_LOADER = "$(TEST_HOST)";
				CODE_SIGN_STYLE = Automatic;
				INFOPLIST_FILE = FirstTests/Info.plist;
				LD_RUNPATH_SEARCH_PATHS = (
					"$(inherited)",
					"@executable_path/Frameworks",
					"@loader_path/Frameworks",
				);
				PRODUCT_BUNDLE_IDENTIFIER = com.jinriyouyue.FirstTests;
				PRODUCT_NAME = "$(TARGET_NAME)";
				TARGETED_DEVICE_FAMILY = "1,2";
				TEST_HOST = "$(BUILT_PRODUCTS_DIR)/First.app/First";
			};
			name = Debug;
		};
		6EBB18452206EC6800B29C47 /* Release */ = {
			isa = XCBuildConfiguration;
			baseConfigurationReference = D69234582034F6ED4F150811 /* Pods-FirstTests.release.xcconfig */;
			buildSettings = {
				BUNDLE_LOADER = "$(TEST_HOST)";
				CODE_SIGN_STYLE = Automatic;
				INFOPLIST_FILE = FirstTests/Info.plist;
				LD_RUNPATH_SEARCH_PATHS = (
					"$(inherited)",
					"@executable_path/Frameworks",
					"@loader_path/Frameworks",
				);
				PRODUCT_BUNDLE_IDENTIFIER = com.jinriyouyue.FirstTests;
				PRODUCT_NAME = "$(TARGET_NAME)";
				TARGETED_DEVICE_FAMILY = "1,2";
				TEST_HOST = "$(BUILT_PRODUCTS_DIR)/First.app/First";
			};
			name = Release;
		};
		6EBB18472206EC6800B29C47 /* Debug */ = {
			isa = XCBuildConfiguration;
			baseConfigurationReference = 1ACD4470E97FB9DA22E00F45 /* Pods-FirstUITests.debug.xcconfig */;
			buildSettings = {
				CODE_SIGN_STYLE = Automatic;
				INFOPLIST_FILE = FirstUITests/Info.plist;
				LD_RUNPATH_SEARCH_PATHS = (
					"$(inherited)",
					"@executable_path/Frameworks",
					"@loader_path/Frameworks",
				);
				PRODUCT_BUNDLE_IDENTIFIER = com.jinriyouyue.FirstUITests;
				PRODUCT_NAME = "$(TARGET_NAME)";
				TARGETED_DEVICE_FAMILY = "1,2";
				TEST_TARGET_NAME = First;
			};
			name = Debug;
		};
		6EBB18482206EC6800B29C47 /* Release */ = {
			isa = XCBuildConfiguration;
			baseConfigurationReference = 6E8209EF2FAF8473959DF499 /* Pods-FirstUITests.release.xcconfig */;
			buildSettings = {
				CODE_SIGN_STYLE = Automatic;
				INFOPLIST_FILE = FirstUITests/Info.plist;
				LD_RUNPATH_SEARCH_PATHS = (
					"$(inherited)",
					"@executable_path/Frameworks",
					"@loader_path/Frameworks",
				);
				PRODUCT_BUNDLE_IDENTIFIER = com.jinriyouyue.FirstUITests;
				PRODUCT_NAME = "$(TARGET_NAME)";
				TARGETED_DEVICE_FAMILY = "1,2";
				TEST_TARGET_NAME = First;
			};
			name = Release;
		};
/* End XCBuildConfiguration section */

/* Begin XCConfigurationList section */
		6EBB180F2206EC6100B29C47 /* Build configuration list for PBXProject "First" */ = {
			isa = XCConfigurationList;
			buildConfigurations = (
				6EBB183E2206EC6800B29C47 /* Debug */,
				6EBB183F2206EC6800B29C47 /* Release */,
			);
			defaultConfigurationIsVisible = 0;
			defaultConfigurationName = Release;
		};
		6EBB18402206EC6800B29C47 /* Build configuration list for PBXNativeTarget "First" */ = {
			isa = XCConfigurationList;
			buildConfigurations = (
				6EBB18412206EC6800B29C47 /* Debug */,
				6EBB18422206EC6800B29C47 /* Release */,
			);
			defaultConfigurationIsVisible = 0;
			defaultConfigurationName = Release;
		};
		6EBB18432206EC6800B29C47 /* Build configuration list for PBXNativeTarget "FirstTests" */ = {
			isa = XCConfigurationList;
			buildConfigurations = (
				6EBB18442206EC6800B29C47 /* Debug */,
				6EBB18452206EC6800B29C47 /* Release */,
			);
			defaultConfigurationIsVisible = 0;
			defaultConfigurationName = Release;
		};
		6EBB18462206EC6800B29C47 /* Build configuration list for PBXNativeTarget "FirstUITests" */ = {
			isa = XCConfigurationList;
			buildConfigurations = (
				6EBB18472206EC6800B29C47 /* Debug */,
				6EBB18482206EC6800B29C47 /* Release */,
			);
			defaultConfigurationIsVisible = 0;
			defaultConfigurationName = Release;
		};
/* End XCConfigurationList section */
	};
	rootObject = 6EBB180C2206EC6100B29C47 /* Project object */;
}
